{
  "name": "auto-unit-tests",
  "version": "1.0.0",
  "lockfileVersion": 1,
  "requires": true,
  "dependencies": {
    "@babel/standalone": {
      "version": "7.12.11",
      "resolved": "https://registry.npmjs.org/@babel/standalone/-/standalone-7.12.11.tgz",
      "integrity": "sha512-z+iFopDt0/8PUB8D0p7+95wYgXisRX6xi64fXCkpIRbkrA0nCf8t4yBBkSQ5YW/o9jPmmNhmX13OqsirloqdKQ=="
    }
  }
}
